
Microsoft Visual Studio Solution File, Format Version 12.00
# Visual Studio 14
VisualStudioVersion = 14.0.25420.1
MinimumVisualStudioVersion = 10.0.40219.1
Project("{2150E333-8FDC-42A3-9474-1A3956D46DE8}") = "src", "src", "{B7531959-0642-4C6F-8929-560190F19244}"
EndProject
Project("{2150E333-8FDC-42A3-9474-1A3956D46DE8}") = "Solution Items", "Solution Items", "{88E92C1F-7B6F-48D0-913F-3D80D45E0394}"
	ProjectSection(SolutionItems) = preProject
		global.json = global.json
	EndProjectSection
EndProject
Project("{8BB2217D-0F2D-49D1-97BC-3654ED321F3B}") = "Test", "src\Test\Test.xproj", "{BFB9819C-1D9F-48D3-8B1D-3C08F5E94879}"
EndProject
Global
	GlobalSection(SolutionConfigurationPlatforms) = preSolution
		Debug|Any CPU = Debug|Any CPU
		Release|Any CPU = Release|Any CPU
	EndGlobalSection
	GlobalSection(ProjectConfigurationPlatforms) = postSolution
		{BFB9819C-1D9F-48D3-8B1D-3C08F5E94879}.Debug|Any CPU.ActiveCfg = Debug|Any CPU
		{BFB9819C-1D9F-48D3-8B1D-3C08F5E94879}.Debug|Any CPU.Build.0 = Debug|Any CPU
		{BFB9819C-1D9F-48D3-8B1D-3C08F5E94879}.Release|Any CPU.ActiveCfg = Release|Any CPU
		{BFB9819C-1D9F-48D3-8B1D-3C08F5E94879}.Release|Any CPU.Build.0 = Release|Any CPU
	EndGlobalSection
	GlobalSection(SolutionProperties) = preSolution
		HideSolutionNode = FALSE
	EndGlobalSection
	GlobalSection(NestedProjects) = preSolution
		{BFB9819C-1D9F-48D3-8B1D-3C08F5E94879} = {B7531959-0642-4C6F-8929-560190F19244}
	EndGlobalSection
EndGlobal
